
Microsoft Visual Studio Solution File, Format Version 12.00
# Visual Studio 15
VisualStudioVersion = 15.0.27703.2018
MinimumVisualStudioVersion = 10.0.40219.1
Project("{FAE04EC0-301F-11D3-BF4B-00C04F79EFBC}") = "FreemankeMinutes", "FreemankeMinutes\FreemankeMinutes.csproj", "{89EAB8CB-FEEF-4B93-A698-7201E8F4FE9A}"
EndProject
Project("{FAE04EC0-301F-11D3-BF4B-00C04F79EFBC}") = "FreemankeMinutes.Tests", "test\FreemankeMinutes.Tests\FreemankeMinutes.Tests.csproj", "{68367FC3-1A46-49F3-99A4-799C960493FE}"
EndProject
Global
	GlobalSection(SolutionConfigurationPlatforms) = preSolution
		Debug|Any CPU = Debug|Any CPU
		Release|Any CPU = Release|Any CPU
	EndGlobalSection
	GlobalSection(ProjectConfigurationPlatforms) = postSolution
		{89EAB8CB-FEEF-4B93-A698-7201E8F4FE9A}.Debug|Any CPU.ActiveCfg = Debug|Any CPU
		{89EAB8CB-FEEF-4B93-A698-7201E8F4FE9A}.Debug|Any CPU.Build.0 = Debug|Any CPU
		{89EAB8CB-FEEF-4B93-A698-7201E8F4FE9A}.Release|Any CPU.ActiveCfg = Release|Any CPU
		{89EAB8CB-FEEF-4B93-A698-7201E8F4FE9A}.Release|Any CPU.Build.0 = Release|Any CPU
		{68367FC3-1A46-49F3-99A4-799C960493FE}.Debug|Any CPU.ActiveCfg = Debug|Any CPU
		{68367FC3-1A46-49F3-99A4-799C960493FE}.Debug|Any CPU.Build.0 = Debug|Any CPU
		{68367FC3-1A46-49F3-99A4-799C960493FE}.Release|Any CPU.ActiveCfg = Release|Any CPU
		{68367FC3-1A46-49F3-99A4-799C960493FE}.Release|Any CPU.Build.0 = Release|Any CPU
	EndGlobalSection
	GlobalSection(SolutionProperties) = preSolution
		HideSolutionNode = FALSE
	EndGlobalSection
	GlobalSection(ExtensibilityGlobals) = postSolution
		SolutionGuid = {F058C1EB-6998-49C9-8DA0-03171B260792}
	EndGlobalSection
EndGlobal
